[[package]]
name = "market"
source = "member"
dependencies = [
    "market_abi",
    "ownership",
    "reentrancy",
    "signed_int",
    "src5 registry+src5?0.8.1#QmcUKCMFWYYpGzqSxZFn3d97MhQ9RAiEMoQGWjVE2AmMFN!",
    "std",
]

[[package]]
name = "market_abi"
source = "member"
dependencies = [
    "signed_int",
    "std",
]

[[package]]
name = "ownership"
version = "0.26.1"
source = "registry+ownership?0.26.1#QmcmRuXsD2ZaE74nZ5vGxc1QhYJhjQKMwho6ZfkYt1cs6Q!"
dependencies = [
    "src5 registry+src5?0.8.0#QmNRPZrPHFBiEAyWPU8gesdPsD2zb3cMKwEgxJwV1ZEjyD!",
    "std",
]

[[package]]
name = "reentrancy"
version = "0.26.0"
source = "registry+reentrancy?0.26.0#QmP25Uux1SYjT97JiBJGw15NQtKHzbYczhHkwcoh3Bqh4C!"
dependencies = ["std"]

[[package]]
name = "signed_int"
version = "0.26.1"
source = "registry+signed_int?0.26.1#QmWB8r7jN9bE1sVUJzQoTCbsTXyL6qB55mSfeicd6EtoAo!"
dependencies = ["std"]

[[package]]
name = "src-20"
source = "member"
dependencies = [
    "src20",
    "src3",
    "src5 registry+src5?0.8.1#QmcUKCMFWYYpGzqSxZFn3d97MhQ9RAiEMoQGWjVE2AmMFN!",
    "std",
]

[[package]]
name = "src20"
version = "0.8.1"
source = "registry+src20?0.8.1#QmeJqNZFcPCUgKDWRjeKHQhEraMHX9n5sr8S9Vkt4wmnV1!"
dependencies = ["std"]

[[package]]
name = "src3"
version = "0.8.1"
source = "registry+src3?0.8.1#QmaRv83wVWP9UnUCtMMoJih9f8eCiA3k4MnH75m4zVZQ18!"
dependencies = ["std"]

[[package]]
name = "src5"
version = "0.8.0"
source = "registry+src5?0.8.0#QmNRPZrPHFBiEAyWPU8gesdPsD2zb3cMKwEgxJwV1ZEjyD!"
dependencies = ["std"]

[[package]]
name = "src5"
version = "0.8.1"
source = "registry+src5?0.8.1#QmcUKCMFWYYpGzqSxZFn3d97MhQ9RAiEMoQGWjVE2AmMFN!"
dependencies = ["std"]

[[package]]
name = "std"
version = "0.68.9"
source = "registry+std?0.68.9#QmUaBxMs2JvY1bXgRCdeCsG3o6TN82ftRgv4Tq7ytqUGUT!"

[[package]]
name = "token"
source = "member"
dependencies = [
    "src20",
    "src3",
    "std",
]
