[[package]]
name = "market"
source = "member"
dependencies = [
    "market_abi",
    "ownership",
    "pyth_interface",
    "reentrancy",
    "signed_int",
    "src5 registry+src5?0.8.1#QmcUKCMFWYYpGzqSxZFn3d97MhQ9RAiEMoQGWjVE2AmMFN!",
    "std",
]

[[package]]
name = "market_abi"
source = "member"
dependencies = [
    "pyth_interface",
    "redstone_prices_abi",
    "signed_int",
    "std",
    "stork_sway_sdk",
]

[[package]]
name = "ownership"
version = "0.26.1"
source = "registry+ownership?0.26.1#QmcmRuXsD2ZaE74nZ5vGxc1QhYJhjQKMwho6ZfkYt1cs6Q!"
dependencies = [
    "src5 registry+src5?0.8.0#QmNRPZrPHFBiEAyWPU8gesdPsD2zb3cMKwEgxJwV1ZEjyD!",
    "std",
]

[[package]]
name = "pyth_interface"
source = "git+https://github.com/pyth-network/pyth-crosschain?rev#10e5345ea2e29a5cc43311d43e681cf335e834f3"
dependencies = ["std"]

[[package]]
name = "pyth_mock"
source = "member"
dependencies = [
    "pyth_interface",
    "std",
]

[[package]]
name = "redstone"
source = "git+https://github.com/martines3000/redstone-fuel-sdk?rev#206a1f3d62fdc6465004d86ebe1df118bd5350d4"
dependencies = ["std"]

[[package]]
name = "redstone_prices"
source = "member"
dependencies = [
    "ownership",
    "redstone",
    "redstone_prices_abi",
    "std",
]

[[package]]
name = "redstone_prices_abi"
source = "member"
dependencies = ["std"]

[[package]]
name = "redstone_prices_mock"
source = "member"
dependencies = [
    "ownership",
    "redstone",
    "redstone_prices_abi",
    "std",
]

[[package]]
name = "reentrancy"
version = "0.26.0"
source = "registry+reentrancy?0.26.0#QmP25Uux1SYjT97JiBJGw15NQtKHzbYczhHkwcoh3Bqh4C!"
dependencies = ["std"]

[[package]]
name = "signed_int"
version = "0.26.1"
source = "registry+signed_int?0.26.1#QmWB8r7jN9bE1sVUJzQoTCbsTXyL6qB55mSfeicd6EtoAo!"
dependencies = ["std"]

[[package]]
name = "src-20"
source = "member"
dependencies = [
    "src20",
    "src3",
    "src5 registry+src5?0.8.1#QmcUKCMFWYYpGzqSxZFn3d97MhQ9RAiEMoQGWjVE2AmMFN!",
    "std",
]

[[package]]
name = "src20"
version = "0.8.1"
source = "registry+src20?0.8.1#QmeJqNZFcPCUgKDWRjeKHQhEraMHX9n5sr8S9Vkt4wmnV1!"
dependencies = ["std"]

[[package]]
name = "src3"
version = "0.8.1"
source = "registry+src3?0.8.1#QmaRv83wVWP9UnUCtMMoJih9f8eCiA3k4MnH75m4zVZQ18!"
dependencies = ["std"]

[[package]]
name = "src5"
version = "0.8.0"
source = "registry+src5?0.8.0#QmNRPZrPHFBiEAyWPU8gesdPsD2zb3cMKwEgxJwV1ZEjyD!"
dependencies = ["std"]

[[package]]
name = "src5"
version = "0.8.1"
source = "registry+src5?0.8.1#QmcUKCMFWYYpGzqSxZFn3d97MhQ9RAiEMoQGWjVE2AmMFN!"
dependencies = ["std"]

[[package]]
name = "std"
version = "0.69.1"
source = "registry+std?0.69.1#QmbPunScay4xpfHKpxQ71dFKXSiyJuPP8P8YhgX5Dkmzm9!"

[[package]]
name = "stork_sway_sdk"
source = "git+https://github.com/martines3000/stork-external?rev#37417bbcad1838c632050655c02c7d8f9d62343f"
dependencies = [
    "signed_int",
    "std",
]

[[package]]
name = "token"
source = "member"
dependencies = [
    "src20",
    "src3",
    "std",
]
