[[package]]
name = "core"
source = "path+from-root-6A8836696D55BC6E"

[[package]]
name = "market_abi"
source = "path+from-root-DB6CEE9608F8267A"
dependencies = [
    "pyth_interface",
    "std",
    "sway_libs",
]

[[package]]
name = "pyth_interface"
source = "git+https://github.com/pyth-network/pyth-crosschain?rev#7de4ce3ec8defd97641c1d25302abe117bf5092b"
dependencies = [
    "standards git+https://github.com/FuelLabs/sway-standards?tag=v0.4.4#a001d3c248595112aae67e5633a06ef9bc0536ae",
    "std",
]

[[package]]
name = "standards"
source = "git+https://github.com/FuelLabs/sway-standards?tag=v0.4.4#a001d3c248595112aae67e5633a06ef9bc0536ae"
dependencies = ["std"]

[[package]]
name = "standards"
source = "git+https://github.com/FuelLabs/sway-standards?tag=v0.6.0#65e09f95ea8b9476b171a66c8a47108f352fa32c"
dependencies = ["std"]

[[package]]
name = "std"
source = "git+https://github.com/fuellabs/sway?tag=v0.66.5#94a066652468b4afa3bd396dacef482ed590976b"
dependencies = ["core"]

[[package]]
name = "sway_libs"
source = "git+https://github.com/FuelLabs/sway-libs?tag=v0.24.0#e19f96f85ae12426d20adc176b70aa38fd9a2a5b"
dependencies = [
    "standards git+https://github.com/FuelLabs/sway-standards?tag=v0.6.0#65e09f95ea8b9476b171a66c8a47108f352fa32c",
    "std",
]

[[package]]
name = "update_collaterals"
source = "member"
dependencies = [
    "market_abi",
    "std",
]
